// !$*UTF8*$!
{
	archiveVersion = 1;
	classes = {
	};
	objectVersion = 55;
	objects = {

/* Begin PBXBuildFile section */
		E40177C328000BC000AF684C /* ConfirmLocationViewController.swift in Sources */ = {isa = PBXBuildFile; fileRef = E40177C228000BC000AF684C /* ConfirmLocationViewController.swift */; };
		E40177C528000BF000AF684C /* ConfirmLocationViewModel.swift in Sources */ = {isa = PBXBuildFile; fileRef = E40177C428000BF000AF684C /* ConfirmLocationViewModel.swift */; };
		E40177CA28000C3F00AF684C /* IconButton.swift in Sources */ = {isa = PBXBuildFile; fileRef = E40177C728000C3F00AF684C /* IconButton.swift */; };
		E40177CB28000C3F00AF684C /* RoundButton.swift in Sources */ = {isa = PBXBuildFile; fileRef = E40177C828000C3F00AF684C /* RoundButton.swift */; };
		E40177CC28000C3F00AF684C /* TextButton.swift in Sources */ = {isa = PBXBuildFile; fileRef = E40177C928000C3F00AF684C /* TextButton.swift */; };
		E40177CE28000D4D00AF684C /* CircleView.swift in Sources */ = {isa = PBXBuildFile; fileRef = E40177CD28000D4D00AF684C /* CircleView.swift */; };
		E40177D028000EA500AF684C /* SelectedLocationView.swift in Sources */ = {isa = PBXBuildFile; fileRef = E40177CF28000EA500AF684C /* SelectedLocationView.swift */; };
		E40177D228001C8400AF684C /* Location.swift in Sources */ = {isa = PBXBuildFile; fileRef = E40177D128001C8400AF684C /* Location.swift */; };
		E477F0BE27FC84A0002DCE23 /* AppDelegate.swift in Sources */ = {isa = PBXBuildFile; fileRef = E477F0BD27FC84A0002DCE23 /* AppDelegate.swift */; };
		E477F0C027FC84A0002DCE23 /* SceneDelegate.swift in Sources */ = {isa = PBXBuildFile; fileRef = E477F0BF27FC84A0002DCE23 /* SceneDelegate.swift */; };
		E477F0C727FC84A3002DCE23 /* Assets.xcassets in Resources */ = {isa = PBXBuildFile; fileRef = E477F0C627FC84A3002DCE23 /* Assets.xcassets */; };
		E477F0CA27FC84A3002DCE23 /* LaunchScreen.storyboard in Resources */ = {isa = PBXBuildFile; fileRef = E477F0C827FC84A3002DCE23 /* LaunchScreen.storyboard */; };
		E477F0D527FC84A3002DCE23 /* Are_We_There_Yet_Tests.swift in Sources */ = {isa = PBXBuildFile; fileRef = E477F0D427FC84A3002DCE23 /* Are_We_There_Yet_Tests.swift */; };
		E477F0DF27FC84A3002DCE23 /* Are_We_There_Yet_UITests.swift in Sources */ = {isa = PBXBuildFile; fileRef = E477F0DE27FC84A3002DCE23 /* Are_We_There_Yet_UITests.swift */; };
		E477F0E127FC84A3002DCE23 /* Are_We_There_Yet_UITestsLaunchTests.swift in Sources */ = {isa = PBXBuildFile; fileRef = E477F0E027FC84A3002DCE23 /* Are_We_There_Yet_UITestsLaunchTests.swift */; };
		E477F10227FC8505002DCE23 /* Constants.swift in Sources */ = {isa = PBXBuildFile; fileRef = E477F0EE27FC8505002DCE23 /* Constants.swift */; };
		E477F10327FC8505002DCE23 /* ViewController.swift in Sources */ = {isa = PBXBuildFile; fileRef = E477F0EF27FC8505002DCE23 /* ViewController.swift */; };
		E477F10427FC8505002DCE23 /* UIColor+Theme.swift in Sources */ = {isa = PBXBuildFile; fileRef = E477F0F027FC8505002DCE23 /* UIColor+Theme.swift */; };
		E477F10527FC8505002DCE23 /* UIFont+Theme.swift in Sources */ = {isa = PBXBuildFile; fileRef = E477F0F127FC8505002DCE23 /* UIFont+Theme.swift */; };
		E477F10627FC8505002DCE23 /* UIView+fadein.swift in Sources */ = {isa = PBXBuildFile; fileRef = E477F0F327FC8505002DCE23 /* UIView+fadein.swift */; };
		E477F10727FC8505002DCE23 /* String+convertEmojiToImage.swift in Sources */ = {isa = PBXBuildFile; fileRef = E477F0F427FC8505002DCE23 /* String+convertEmojiToImage.swift */; };
		E477F10827FC8505002DCE23 /* UIColor+hex.swift in Sources */ = {isa = PBXBuildFile; fileRef = E477F0F527FC8505002DCE23 /* UIColor+hex.swift */; };
		E477F10927FC8505002DCE23 /* Decimal+formatter.swift in Sources */ = {isa = PBXBuildFile; fileRef = E477F0F627FC8505002DCE23 /* Decimal+formatter.swift */; };
		E477F10A27FC8505002DCE23 /* UIViewController+Keyboard.swift in Sources */ = {isa = PBXBuildFile; fileRef = E477F0F727FC8505002DCE23 /* UIViewController+Keyboard.swift */; };
		E477F10B27FC8505002DCE23 /* Date+startOfMonth.swift in Sources */ = {isa = PBXBuildFile; fileRef = E477F0F827FC8505002DCE23 /* Date+startOfMonth.swift */; };
		E477F10C27FC8505002DCE23 /* UIStack+RemoveAll.swift in Sources */ = {isa = PBXBuildFile; fileRef = E477F0F927FC8505002DCE23 /* UIStack+RemoveAll.swift */; };
		E477F10D27FC8505002DCE23 /* UIView+roundCorners.swift in Sources */ = {isa = PBXBuildFile; fileRef = E477F0FA27FC8505002DCE23 /* UIView+roundCorners.swift */; };
		E477F10E27FC8505002DCE23 /* Date+BeforeAfter.swift in Sources */ = {isa = PBXBuildFile; fileRef = E477F0FB27FC8505002DCE23 /* Date+BeforeAfter.swift */; };
		E477F10F27FC8505002DCE23 /* UIViewController+Toast.swift in Sources */ = {isa = PBXBuildFile; fileRef = E477F0FC27FC8505002DCE23 /* UIViewController+Toast.swift */; };
		E477F11027FC8505002DCE23 /* UILabel+setLineHeight.swift in Sources */ = {isa = PBXBuildFile; fileRef = E477F0FD27FC8505002DCE23 /* UILabel+setLineHeight.swift */; };
		E477F11127FC8505002DCE23 /* UIViewController+Utils.swift in Sources */ = {isa = PBXBuildFile; fileRef = E477F0FE27FC8505002DCE23 /* UIViewController+Utils.swift */; };
		E477F11227FC8505002DCE23 /* String+capitalization.swift in Sources */ = {isa = PBXBuildFile; fileRef = E477F0FF27FC8505002DCE23 /* String+capitalization.swift */; };
		E477F11327FC8505002DCE23 /* Double+roundToDecimalPlace.swift in Sources */ = {isa = PBXBuildFile; fileRef = E477F10027FC8505002DCE23 /* Double+roundToDecimalPlace.swift */; };
		E477F11427FC8505002DCE23 /* String+convertFromHTMLToAttributedString.swift in Sources */ = {isa = PBXBuildFile; fileRef = E477F10127FC8505002DCE23 /* String+convertFromHTMLToAttributedString.swift */; };
		E477F11B27FC854E002DCE23 /* MapViewController.swift in Sources */ = {isa = PBXBuildFile; fileRef = E477F11A27FC854E002DCE23 /* MapViewController.swift */; };
		E477F11D27FC8567002DCE23 /* MapViewModel.swift in Sources */ = {isa = PBXBuildFile; fileRef = E477F11C27FC8567002DCE23 /* MapViewModel.swift */; };
		E477F12027FC85B3002DCE23 /* SnapKit in Frameworks */ = {isa = PBXBuildFile; productRef = E477F11F27FC85B3002DCE23 /* SnapKit */; };
		E477F12327FC85CC002DCE23 /* RxCocoa in Frameworks */ = {isa = PBXBuildFile; productRef = E477F12227FC85CC002DCE23 /* RxCocoa */; };
		E477F12527FC85CC002DCE23 /* RxRelay in Frameworks */ = {isa = PBXBuildFile; productRef = E477F12427FC85CC002DCE23 /* RxRelay */; };
		E477F12727FC85CC002DCE23 /* RxSwift in Frameworks */ = {isa = PBXBuildFile; productRef = E477F12627FC85CC002DCE23 /* RxSwift */; };
		E477F12A27FC85F5002DCE23 /* RxDataSources in Frameworks */ = {isa = PBXBuildFile; productRef = E477F12927FC85F5002DCE23 /* RxDataSources */; };
		E477F12D27FC862C002DCE23 /* LocationManager.swift in Sources */ = {isa = PBXBuildFile; fileRef = E477F12C27FC862C002DCE23 /* LocationManager.swift */; };
		E477F13027FC8753002DCE23 /* FloatingPanel in Frameworks */ = {isa = PBXBuildFile; productRef = E477F12F27FC8753002DCE23 /* FloatingPanel */; };
		E477F13227FC8789002DCE23 /* SearchViewController.swift in Sources */ = {isa = PBXBuildFile; fileRef = E477F13127FC8789002DCE23 /* SearchViewController.swift */; };
		E477F13427FD2B3F002DCE23 /* SearchViewModel.swift in Sources */ = {isa = PBXBuildFile; fileRef = E477F13327FD2B3F002DCE23 /* SearchViewModel.swift */; };
		E4ADA97C27FD4A5D002169D1 /* SearchResultViewModel.swift in Sources */ = {isa = PBXBuildFile; fileRef = E4ADA97B27FD4A5D002169D1 /* SearchResultViewModel.swift */; };
		E4ADA98227FD522E002169D1 /* SearchResultCell.swift in Sources */ = {isa = PBXBuildFile; fileRef = E4ADA98127FD522E002169D1 /* SearchResultCell.swift */; };
/* End PBXBuildFile section */

/* Begin PBXContainerItemProxy section */
		E477F0D127FC84A3002DCE23 /* PBXContainerItemProxy */ = {
			isa = PBXContainerItemProxy;
			containerPortal = E477F0B227FC84A0002DCE23 /* Project object */;
			proxyType = 1;
			remoteGlobalIDString = E477F0B927FC84A0002DCE23;
			remoteInfo = "Are We There Yet?";
		};
		E477F0DB27FC84A3002DCE23 /* PBXContainerItemProxy */ = {
			isa = PBXContainerItemProxy;
			containerPortal = E477F0B227FC84A0002DCE23 /* Project object */;
			proxyType = 1;
			remoteGlobalIDString = E477F0B927FC84A0002DCE23;
			remoteInfo = "Are We There Yet?";
		};
/* End PBXContainerItemProxy section */

/* Begin PBXFileReference section */
		E40177C228000BC000AF684C /* ConfirmLocationViewController.swift */ = {isa = PBXFileReference; lastKnownFileType = sourcecode.swift; path = ConfirmLocationViewController.swift; sourceTree = "<group>"; };
		E40177C428000BF000AF684C /* ConfirmLocationViewModel.swift */ = {isa = PBXFileReference; lastKnownFileType = sourcecode.swift; path = ConfirmLocationViewModel.swift; sourceTree = "<group>"; };
		E40177C728000C3F00AF684C /* IconButton.swift */ = {isa = PBXFileReference; fileEncoding = 4; lastKnownFileType = sourcecode.swift; path = IconButton.swift; sourceTree = "<group>"; };
		E40177C828000C3F00AF684C /* RoundButton.swift */ = {isa = PBXFileReference; fileEncoding = 4; lastKnownFileType = sourcecode.swift; path = RoundButton.swift; sourceTree = "<group>"; };
		E40177C928000C3F00AF684C /* TextButton.swift */ = {isa = PBXFileReference; fileEncoding = 4; lastKnownFileType = sourcecode.swift; path = TextButton.swift; sourceTree = "<group>"; };
		E40177CD28000D4D00AF684C /* CircleView.swift */ = {isa = PBXFileReference; fileEncoding = 4; lastKnownFileType = sourcecode.swift; path = CircleView.swift; sourceTree = "<group>"; };
		E40177CF28000EA500AF684C /* SelectedLocationView.swift */ = {isa = PBXFileReference; lastKnownFileType = sourcecode.swift; path = SelectedLocationView.swift; sourceTree = "<group>"; };
		E40177D128001C8400AF684C /* Location.swift */ = {isa = PBXFileReference; lastKnownFileType = sourcecode.swift; path = Location.swift; sourceTree = "<group>"; };
		E477F0BA27FC84A0002DCE23 /* Are We There Yet?.app */ = {isa = PBXFileReference; explicitFileType = wrapper.application; includeInIndex = 0; path = "Are We There Yet?.app"; sourceTree = BUILT_PRODUCTS_DIR; };
		E477F0BD27FC84A0002DCE23 /* AppDelegate.swift */ = {isa = PBXFileReference; lastKnownFileType = sourcecode.swift; path = AppDelegate.swift; sourceTree = "<group>"; };
		E477F0BF27FC84A0002DCE23 /* SceneDelegate.swift */ = {isa = PBXFileReference; lastKnownFileType = sourcecode.swift; path = SceneDelegate.swift; sourceTree = "<group>"; };
		E477F0C627FC84A3002DCE23 /* Assets.xcassets */ = {isa = PBXFileReference; lastKnownFileType = folder.assetcatalog; path = Assets.xcassets; sourceTree = "<group>"; };
		E477F0C927FC84A3002DCE23 /* Base */ = {isa = PBXFileReference; lastKnownFileType = file.storyboard; name = Base; path = Base.lproj/LaunchScreen.storyboard; sourceTree = "<group>"; };
		E477F0CB27FC84A3002DCE23 /* Info.plist */ = {isa = PBXFileReference; lastKnownFileType = text.plist.xml; path = Info.plist; sourceTree = "<group>"; };
		E477F0D027FC84A3002DCE23 /* Are We There Yet?Tests.xctest */ = {isa = PBXFileReference; explicitFileType = wrapper.cfbundle; includeInIndex = 0; path = "Are We There Yet?Tests.xctest"; sourceTree = BUILT_PRODUCTS_DIR; };
		E477F0D427FC84A3002DCE23 /* Are_We_There_Yet_Tests.swift */ = {isa = PBXFileReference; lastKnownFileType = sourcecode.swift; path = Are_We_There_Yet_Tests.swift; sourceTree = "<group>"; };
		E477F0DA27FC84A3002DCE23 /* Are We There Yet?UITests.xctest */ = {isa = PBXFileReference; explicitFileType = wrapper.cfbundle; includeInIndex = 0; path = "Are We There Yet?UITests.xctest"; sourceTree = BUILT_PRODUCTS_DIR; };
		E477F0DE27FC84A3002DCE23 /* Are_We_There_Yet_UITests.swift */ = {isa = PBXFileReference; lastKnownFileType = sourcecode.swift; path = Are_We_There_Yet_UITests.swift; sourceTree = "<group>"; };
		E477F0E027FC84A3002DCE23 /* Are_We_There_Yet_UITestsLaunchTests.swift */ = {isa = PBXFileReference; lastKnownFileType = sourcecode.swift; path = Are_We_There_Yet_UITestsLaunchTests.swift; sourceTree = "<group>"; };
		E477F0EE27FC8505002DCE23 /* Constants.swift */ = {isa = PBXFileReference; fileEncoding = 4; lastKnownFileType = sourcecode.swift; path = Constants.swift; sourceTree = "<group>"; };
		E477F0EF27FC8505002DCE23 /* ViewController.swift */ = {isa = PBXFileReference; fileEncoding = 4; lastKnownFileType = sourcecode.swift; path = ViewController.swift; sourceTree = "<group>"; };
		E477F0F027FC8505002DCE23 /* UIColor+Theme.swift */ = {isa = PBXFileReference; fileEncoding = 4; lastKnownFileType = sourcecode.swift; path = "UIColor+Theme.swift"; sourceTree = "<group>"; };
		E477F0F127FC8505002DCE23 /* UIFont+Theme.swift */ = {isa = PBXFileReference; fileEncoding = 4; lastKnownFileType = sourcecode.swift; path = "UIFont+Theme.swift"; sourceTree = "<group>"; };
		E477F0F327FC8505002DCE23 /* UIView+fadein.swift */ = {isa = PBXFileReference; fileEncoding = 4; lastKnownFileType = sourcecode.swift; path = "UIView+fadein.swift"; sourceTree = "<group>"; };
		E477F0F427FC8505002DCE23 /* String+convertEmojiToImage.swift */ = {isa = PBXFileReference; fileEncoding = 4; lastKnownFileType = sourcecode.swift; path = "String+convertEmojiToImage.swift"; sourceTree = "<group>"; };
		E477F0F527FC8505002DCE23 /* UIColor+hex.swift */ = {isa = PBXFileReference; fileEncoding = 4; lastKnownFileType = sourcecode.swift; path = "UIColor+hex.swift"; sourceTree = "<group>"; };
		E477F0F627FC8505002DCE23 /* Decimal+formatter.swift */ = {isa = PBXFileReference; fileEncoding = 4; lastKnownFileType = sourcecode.swift; path = "Decimal+formatter.swift"; sourceTree = "<group>"; };
		E477F0F727FC8505002DCE23 /* UIViewController+Keyboard.swift */ = {isa = PBXFileReference; fileEncoding = 4; lastKnownFileType = sourcecode.swift; path = "UIViewController+Keyboard.swift"; sourceTree = "<group>"; };
		E477F0F827FC8505002DCE23 /* Date+startOfMonth.swift */ = {isa = PBXFileReference; fileEncoding = 4; lastKnownFileType = sourcecode.swift; path = "Date+startOfMonth.swift"; sourceTree = "<group>"; };
		E477F0F927FC8505002DCE23 /* UIStack+RemoveAll.swift */ = {isa = PBXFileReference; fileEncoding = 4; lastKnownFileType = sourcecode.swift; path = "UIStack+RemoveAll.swift"; sourceTree = "<group>"; };
		E477F0FA27FC8505002DCE23 /* UIView+roundCorners.swift */ = {isa = PBXFileReference; fileEncoding = 4; lastKnownFileType = sourcecode.swift; path = "UIView+roundCorners.swift"; sourceTree = "<group>"; };
		E477F0FB27FC8505002DCE23 /* Date+BeforeAfter.swift */ = {isa = PBXFileReference; fileEncoding = 4; lastKnownFileType = sourcecode.swift; path = "Date+BeforeAfter.swift"; sourceTree = "<group>"; };
		E477F0FC27FC8505002DCE23 /* UIViewController+Toast.swift */ = {isa = PBXFileReference; fileEncoding = 4; lastKnownFileType = sourcecode.swift; path = "UIViewController+Toast.swift"; sourceTree = "<group>"; };
		E477F0FD27FC8505002DCE23 /* UILabel+setLineHeight.swift */ = {isa = PBXFileReference; fileEncoding = 4; lastKnownFileType = sourcecode.swift; path = "UILabel+setLineHeight.swift"; sourceTree = "<group>"; };
		E477F0FE27FC8505002DCE23 /* UIViewController+Utils.swift */ = {isa = PBXFileReference; fileEncoding = 4; lastKnownFileType = sourcecode.swift; path = "UIViewController+Utils.swift"; sourceTree = "<group>"; };
		E477F0FF27FC8505002DCE23 /* String+capitalization.swift */ = {isa = PBXFileReference; fileEncoding = 4; lastKnownFileType = sourcecode.swift; path = "String+capitalization.swift"; sourceTree = "<group>"; };
		E477F10027FC8505002DCE23 /* Double+roundToDecimalPlace.swift */ = {isa = PBXFileReference; fileEncoding = 4; lastKnownFileType = sourcecode.swift; path = "Double+roundToDecimalPlace.swift"; sourceTree = "<group>"; };
		E477F10127FC8505002DCE23 /* String+convertFromHTMLToAttributedString.swift */ = {isa = PBXFileReference; fileEncoding = 4; lastKnownFileType = sourcecode.swift; path = "String+convertFromHTMLToAttributedString.swift"; sourceTree = "<group>"; };
		E477F11A27FC854E002DCE23 /* MapViewController.swift */ = {isa = PBXFileReference; lastKnownFileType = sourcecode.swift; path = MapViewController.swift; sourceTree = "<group>"; };
		E477F11C27FC8567002DCE23 /* MapViewModel.swift */ = {isa = PBXFileReference; lastKnownFileType = sourcecode.swift; path = MapViewModel.swift; sourceTree = "<group>"; };
		E477F12C27FC862C002DCE23 /* LocationManager.swift */ = {isa = PBXFileReference; lastKnownFileType = sourcecode.swift; path = LocationManager.swift; sourceTree = "<group>"; };
		E477F13127FC8789002DCE23 /* SearchViewController.swift */ = {isa = PBXFileReference; lastKnownFileType = sourcecode.swift; path = SearchViewController.swift; sourceTree = "<group>"; };
		E477F13327FD2B3F002DCE23 /* SearchViewModel.swift */ = {isa = PBXFileReference; lastKnownFileType = sourcecode.swift; path = SearchViewModel.swift; sourceTree = "<group>"; };
		E4ADA97B27FD4A5D002169D1 /* SearchResultViewModel.swift */ = {isa = PBXFileReference; lastKnownFileType = sourcecode.swift; path = SearchResultViewModel.swift; sourceTree = "<group>"; };
		E4ADA98127FD522E002169D1 /* SearchResultCell.swift */ = {isa = PBXFileReference; lastKnownFileType = sourcecode.swift; path = SearchResultCell.swift; sourceTree = "<group>"; };
/* End PBXFileReference section */

/* Begin PBXFrameworksBuildPhase section */
		E477F0B727FC84A0002DCE23 /* Frameworks */ = {
			isa = PBXFrameworksBuildPhase;
			buildActionMask = 2147483647;
			files = (
				E477F12527FC85CC002DCE23 /* RxRelay in Frameworks */,
				E477F12327FC85CC002DCE23 /* RxCocoa in Frameworks */,
				E477F12727FC85CC002DCE23 /* RxSwift in Frameworks */,
				E477F13027FC8753002DCE23 /* FloatingPanel in Frameworks */,
				E477F12A27FC85F5002DCE23 /* RxDataSources in Frameworks */,
				E477F12027FC85B3002DCE23 /* SnapKit in Frameworks */,
			);
			runOnlyForDeploymentPostprocessing = 0;
		};
		E477F0CD27FC84A3002DCE23 /* Frameworks */ = {
			isa = PBXFrameworksBuildPhase;
			buildActionMask = 2147483647;
			files = (
			);
			runOnlyForDeploymentPostprocessing = 0;
		};
		E477F0D727FC84A3002DCE23 /* Frameworks */ = {
			isa = PBXFrameworksBuildPhase;
			buildActionMask = 2147483647;
			files = (
			);
			runOnlyForDeploymentPostprocessing = 0;
		};
/* End PBXFrameworksBuildPhase section */

/* Begin PBXGroup section */
		E40177C628000C3F00AF684C /* Buttons */ = {
			isa = PBXGroup;
			children = (
				E40177CD28000D4D00AF684C /* CircleView.swift */,
				E40177C728000C3F00AF684C /* IconButton.swift */,
				E40177C828000C3F00AF684C /* RoundButton.swift */,
				E40177C928000C3F00AF684C /* TextButton.swift */,
			);
			path = Buttons;
			sourceTree = "<group>";
		};
		E477F0B127FC84A0002DCE23 = {
			isa = PBXGroup;
			children = (
				E477F0BC27FC84A0002DCE23 /* Are We There Yet? */,
				E477F0D327FC84A3002DCE23 /* Are We There Yet?Tests */,
				E477F0DD27FC84A3002DCE23 /* Are We There Yet?UITests */,
				E477F0BB27FC84A0002DCE23 /* Products */,
			);
			sourceTree = "<group>";
		};
		E477F0BB27FC84A0002DCE23 /* Products */ = {
			isa = PBXGroup;
			children = (
				E477F0BA27FC84A0002DCE23 /* Are We There Yet?.app */,
				E477F0D027FC84A3002DCE23 /* Are We There Yet?Tests.xctest */,
				E477F0DA27FC84A3002DCE23 /* Are We There Yet?UITests.xctest */,
			);
			name = Products;
			sourceTree = "<group>";
		};
		E477F0BC27FC84A0002DCE23 /* Are We There Yet? */ = {
			isa = PBXGroup;
			children = (
				E477F11527FC8511002DCE23 /* Main Page */,
				E477F0ED27FC8505002DCE23 /* Core */,
				E477F0BD27FC84A0002DCE23 /* AppDelegate.swift */,
				E477F0BF27FC84A0002DCE23 /* SceneDelegate.swift */,
				E477F0C627FC84A3002DCE23 /* Assets.xcassets */,
				E477F0C827FC84A3002DCE23 /* LaunchScreen.storyboard */,
				E477F0CB27FC84A3002DCE23 /* Info.plist */,
			);
			path = "Are We There Yet?";
			sourceTree = "<group>";
		};
		E477F0D327FC84A3002DCE23 /* Are We There Yet?Tests */ = {
			isa = PBXGroup;
			children = (
				E477F0D427FC84A3002DCE23 /* Are_We_There_Yet_Tests.swift */,
			);
			path = "Are We There Yet?Tests";
			sourceTree = "<group>";
		};
		E477F0DD27FC84A3002DCE23 /* Are We There Yet?UITests */ = {
			isa = PBXGroup;
			children = (
				E477F0DE27FC84A3002DCE23 /* Are_We_There_Yet_UITests.swift */,
				E477F0E027FC84A3002DCE23 /* Are_We_There_Yet_UITestsLaunchTests.swift */,
			);
			path = "Are We There Yet?UITests";
			sourceTree = "<group>";
		};
		E477F0ED27FC8505002DCE23 /* Core */ = {
			isa = PBXGroup;
			children = (
				E40177C628000C3F00AF684C /* Buttons */,
				E477F0EE27FC8505002DCE23 /* Constants.swift */,
				E477F0EF27FC8505002DCE23 /* ViewController.swift */,
				E477F0F027FC8505002DCE23 /* UIColor+Theme.swift */,
				E477F0F127FC8505002DCE23 /* UIFont+Theme.swift */,
				E477F0F227FC8505002DCE23 /* Extensions */,
			);
			path = Core;
			sourceTree = "<group>";
		};
		E477F0F227FC8505002DCE23 /* Extensions */ = {
			isa = PBXGroup;
			children = (
				E477F0F327FC8505002DCE23 /* UIView+fadein.swift */,
				E477F0F427FC8505002DCE23 /* String+convertEmojiToImage.swift */,
				E477F0F527FC8505002DCE23 /* UIColor+hex.swift */,
				E477F0F627FC8505002DCE23 /* Decimal+formatter.swift */,
				E477F0F727FC8505002DCE23 /* UIViewController+Keyboard.swift */,
				E477F0F827FC8505002DCE23 /* Date+startOfMonth.swift */,
				E477F0F927FC8505002DCE23 /* UIStack+RemoveAll.swift */,
				E477F0FA27FC8505002DCE23 /* UIView+roundCorners.swift */,
				E477F0FB27FC8505002DCE23 /* Date+BeforeAfter.swift */,
				E477F0FC27FC8505002DCE23 /* UIViewController+Toast.swift */,
				E477F0FD27FC8505002DCE23 /* UILabel+setLineHeight.swift */,
				E477F0FE27FC8505002DCE23 /* UIViewController+Utils.swift */,
				E477F0FF27FC8505002DCE23 /* String+capitalization.swift */,
				E477F10027FC8505002DCE23 /* Double+roundToDecimalPlace.swift */,
				E477F10127FC8505002DCE23 /* String+convertFromHTMLToAttributedString.swift */,
			);
			path = Extensions;
			sourceTree = "<group>";
		};
		E477F11527FC8511002DCE23 /* Main Page */ = {
			isa = PBXGroup;
			children = (
				E477F12B27FC8619002DCE23 /* Models */,
				E477F11627FC851C002DCE23 /* Views */,
				E477F11727FC8520002DCE23 /* View Models */,
				E477F11827FC8528002DCE23 /* Controllers */,
				E477F11927FC8532002DCE23 /* Data Source */,
			);
			path = "Main Page";
			sourceTree = "<group>";
		};
		E477F11627FC851C002DCE23 /* Views */ = {
			isa = PBXGroup;
			children = (
				E4ADA98127FD522E002169D1 /* SearchResultCell.swift */,
				E40177CF28000EA500AF684C /* SelectedLocationView.swift */,
			);
			path = Views;
			sourceTree = "<group>";
		};
		E477F11727FC8520002DCE23 /* View Models */ = {
			isa = PBXGroup;
			children = (
				E477F12C27FC862C002DCE23 /* LocationManager.swift */,
				E477F11C27FC8567002DCE23 /* MapViewModel.swift */,
				E477F13327FD2B3F002DCE23 /* SearchViewModel.swift */,
				E4ADA97B27FD4A5D002169D1 /* SearchResultViewModel.swift */,
				E40177C428000BF000AF684C /* ConfirmLocationViewModel.swift */,
			);
			path = "View Models";
			sourceTree = "<group>";
		};
		E477F11827FC8528002DCE23 /* Controllers */ = {
			isa = PBXGroup;
			children = (
				E477F11A27FC854E002DCE23 /* MapViewController.swift */,
				E477F13127FC8789002DCE23 /* SearchViewController.swift */,
				E40177C228000BC000AF684C /* ConfirmLocationViewController.swift */,
			);
			path = Controllers;
			sourceTree = "<group>";
		};
		E477F11927FC8532002DCE23 /* Data Source */ = {
			isa = PBXGroup;
			children = (
			);
			path = "Data Source";
			sourceTree = "<group>";
		};
		E477F12B27FC8619002DCE23 /* Models */ = {
			isa = PBXGroup;
			children = (
				E40177D128001C8400AF684C /* Location.swift */,
			);
			path = Models;
			sourceTree = "<group>";
		};
/* End PBXGroup section */

/* Begin PBXNativeTarget section */
		E477F0B927FC84A0002DCE23 /* Are We There Yet? */ = {
			isa = PBXNativeTarget;
			buildConfigurationList = E477F0E427FC84A3002DCE23 /* Build configuration list for PBXNativeTarget "Are We There Yet?" */;
			buildPhases = (
				E477F0B627FC84A0002DCE23 /* Sources */,
				E477F0B727FC84A0002DCE23 /* Frameworks */,
				E477F0B827FC84A0002DCE23 /* Resources */,
			);
			buildRules = (
			);
			dependencies = (
			);
			name = "Are We There Yet?";
			packageProductDependencies = (
				E477F11F27FC85B3002DCE23 /* SnapKit */,
				E477F12227FC85CC002DCE23 /* RxCocoa */,
				E477F12427FC85CC002DCE23 /* RxRelay */,
				E477F12627FC85CC002DCE23 /* RxSwift */,
				E477F12927FC85F5002DCE23 /* RxDataSources */,
				E477F12F27FC8753002DCE23 /* FloatingPanel */,
			);
			productName = "Are We There Yet?";
			productReference = E477F0BA27FC84A0002DCE23 /* Are We There Yet?.app */;
			productType = "com.apple.product-type.application";
		};
		E477F0CF27FC84A3002DCE23 /* Are We There Yet?Tests */ = {
			isa = PBXNativeTarget;
			buildConfigurationList = E477F0E727FC84A3002DCE23 /* Build configuration list for PBXNativeTarget "Are We There Yet?Tests" */;
			buildPhases = (
				E477F0CC27FC84A3002DCE23 /* Sources */,
				E477F0CD27FC84A3002DCE23 /* Frameworks */,
				E477F0CE27FC84A3002DCE23 /* Resources */,
			);
			buildRules = (
			);
			dependencies = (
				E477F0D227FC84A3002DCE23 /* PBXTargetDependency */,
			);
			name = "Are We There Yet?Tests";
			productName = "Are We There Yet?Tests";
			productReference = E477F0D027FC84A3002DCE23 /* Are We There Yet?Tests.xctest */;
			productType = "com.apple.product-type.bundle.unit-test";
		};
		E477F0D927FC84A3002DCE23 /* Are We There Yet?UITests */ = {
			isa = PBXNativeTarget;
			buildConfigurationList = E477F0EA27FC84A3002DCE23 /* Build configuration list for PBXNativeTarget "Are We There Yet?UITests" */;
			buildPhases = (
				E477F0D627FC84A3002DCE23 /* Sources */,
				E477F0D727FC84A3002DCE23 /* Frameworks */,
				E477F0D827FC84A3002DCE23 /* Resources */,
			);
			buildRules = (
			);
			dependencies = (
				E477F0DC27FC84A3002DCE23 /* PBXTargetDependency */,
			);
			name = "Are We There Yet?UITests";
			productName = "Are We There Yet?UITests";
			productReference = E477F0DA27FC84A3002DCE23 /* Are We There Yet?UITests.xctest */;
			productType = "com.apple.product-type.bundle.ui-testing";
		};
/* End PBXNativeTarget section */

/* Begin PBXProject section */
		E477F0B227FC84A0002DCE23 /* Project object */ = {
			isa = PBXProject;
			attributes = {
				BuildIndependentTargetsInParallel = 1;
				LastSwiftUpdateCheck = 1320;
				LastUpgradeCheck = 1320;
				TargetAttributes = {
					E477F0B927FC84A0002DCE23 = {
						CreatedOnToolsVersion = 13.2.1;
					};
					E477F0CF27FC84A3002DCE23 = {
						CreatedOnToolsVersion = 13.2.1;
						TestTargetID = E477F0B927FC84A0002DCE23;
					};
					E477F0D927FC84A3002DCE23 = {
						CreatedOnToolsVersion = 13.2.1;
						TestTargetID = E477F0B927FC84A0002DCE23;
					};
				};
			};
			buildConfigurationList = E477F0B527FC84A0002DCE23 /* Build configuration list for PBXProject "Are We There Yet?" */;
			compatibilityVersion = "Xcode 13.0";
			developmentRegion = en;
			hasScannedForEncodings = 0;
			knownRegions = (
				en,
				Base,
			);
			mainGroup = E477F0B127FC84A0002DCE23;
			packageReferences = (
				E477F11E27FC85B3002DCE23 /* XCRemoteSwiftPackageReference "SnapKit" */,
				E477F12127FC85CC002DCE23 /* XCRemoteSwiftPackageReference "RxSwift" */,
				E477F12827FC85F5002DCE23 /* XCRemoteSwiftPackageReference "RxDataSources" */,
				E477F12E27FC8753002DCE23 /* XCRemoteSwiftPackageReference "FloatingPanel" */,
			);
			productRefGroup = E477F0BB27FC84A0002DCE23 /* Products */;
			projectDirPath = "";
			projectRoot = "";
			targets = (
				E477F0B927FC84A0002DCE23 /* Are We There Yet? */,
				E477F0CF27FC84A3002DCE23 /* Are We There Yet?Tests */,
				E477F0D927FC84A3002DCE23 /* Are We There Yet?UITests */,
			);
		};
/* End PBXProject section */

/* Begin PBXResourcesBuildPhase section */
		E477F0B827FC84A0002DCE23 /* Resources */ = {
			isa = PBXResourcesBuildPhase;
			buildActionMask = 2147483647;
			files = (
				E477F0CA27FC84A3002DCE23 /* LaunchScreen.storyboard in Resources */,
				E477F0C727FC84A3002DCE23 /* Assets.xcassets in Resources */,
			);
			runOnlyForDeploymentPostprocessing = 0;
		};
		E477F0CE27FC84A3002DCE23 /* Resources */ = {
			isa = PBXResourcesBuildPhase;
			buildActionMask = 2147483647;
			files = (
			);
			runOnlyForDeploymentPostprocessing = 0;
		};
		E477F0D827FC84A3002DCE23 /* Resources */ = {
			isa = PBXResourcesBuildPhase;
			buildActionMask = 2147483647;
			files = (
			);
			runOnlyForDeploymentPostprocessing = 0;
		};
/* End PBXResourcesBuildPhase section */

/* Begin PBXSourcesBuildPhase section */
		E477F0B627FC84A0002DCE23 /* Sources */ = {
			isa = PBXSourcesBuildPhase;
			buildActionMask = 2147483647;
			files = (
				E40177CC28000C3F00AF684C /* TextButton.swift in Sources */,
				E477F10C27FC8505002DCE23 /* UIStack+RemoveAll.swift in Sources */,
				E477F10727FC8505002DCE23 /* String+convertEmojiToImage.swift in Sources */,
				E477F11127FC8505002DCE23 /* UIViewController+Utils.swift in Sources */,
				E477F10427FC8505002DCE23 /* UIColor+Theme.swift in Sources */,
				E477F10A27FC8505002DCE23 /* UIViewController+Keyboard.swift in Sources */,
				E40177CA28000C3F00AF684C /* IconButton.swift in Sources */,
				E477F0BE27FC84A0002DCE23 /* AppDelegate.swift in Sources */,
				E477F10B27FC8505002DCE23 /* Date+startOfMonth.swift in Sources */,
				E477F10527FC8505002DCE23 /* UIFont+Theme.swift in Sources */,
				E477F11327FC8505002DCE23 /* Double+roundToDecimalPlace.swift in Sources */,
				E477F0C027FC84A0002DCE23 /* SceneDelegate.swift in Sources */,
				E477F10627FC8505002DCE23 /* UIView+fadein.swift in Sources */,
				E477F11D27FC8567002DCE23 /* MapViewModel.swift in Sources */,
				E477F11B27FC854E002DCE23 /* MapViewController.swift in Sources */,
				E477F10927FC8505002DCE23 /* Decimal+formatter.swift in Sources */,
				E4ADA98227FD522E002169D1 /* SearchResultCell.swift in Sources */,
				E40177CB28000C3F00AF684C /* RoundButton.swift in Sources */,
				E477F10F27FC8505002DCE23 /* UIViewController+Toast.swift in Sources */,
				E40177C528000BF000AF684C /* ConfirmLocationViewModel.swift in Sources */,
				E477F13227FC8789002DCE23 /* SearchViewController.swift in Sources */,
				E477F11427FC8505002DCE23 /* String+convertFromHTMLToAttributedString.swift in Sources */,
				E40177D228001C8400AF684C /* Location.swift in Sources */,
				E477F10827FC8505002DCE23 /* UIColor+hex.swift in Sources */,
				E477F13427FD2B3F002DCE23 /* SearchViewModel.swift in Sources */,
				E40177C328000BC000AF684C /* ConfirmLocationViewController.swift in Sources */,
				E477F11027FC8505002DCE23 /* UILabel+setLineHeight.swift in Sources */,
				E477F10327FC8505002DCE23 /* ViewController.swift in Sources */,
				E40177D028000EA500AF684C /* SelectedLocationView.swift in Sources */,
				E477F11227FC8505002DCE23 /* String+capitalization.swift in Sources */,
				E40177CE28000D4D00AF684C /* CircleView.swift in Sources */,
				E477F12D27FC862C002DCE23 /* LocationManager.swift in Sources */,
				E477F10D27FC8505002DCE23 /* UIView+roundCorners.swift in Sources */,
				E477F10E27FC8505002DCE23 /* Date+BeforeAfter.swift in Sources */,
				E4ADA97C27FD4A5D002169D1 /* SearchResultViewModel.swift in Sources */,
				E477F10227FC8505002DCE23 /* Constants.swift in Sources */,
			);
			runOnlyForDeploymentPostprocessing = 0;
		};
		E477F0CC27FC84A3002DCE23 /* Sources */ = {
			isa = PBXSourcesBuildPhase;
			buildActionMask = 2147483647;
			files = (
				E477F0D527FC84A3002DCE23 /* Are_We_There_Yet_Tests.swift in Sources */,
			);
			runOnlyForDeploymentPostprocessing = 0;
		};
		E477F0D627FC84A3002DCE23 /* Sources */ = {
			isa = PBXSourcesBuildPhase;
			buildActionMask = 2147483647;
			files = (
				E477F0DF27FC84A3002DCE23 /* Are_We_There_Yet_UITests.swift in Sources */,
				E477F0E127FC84A3002DCE23 /* Are_We_There_Yet_UITestsLaunchTests.swift in Sources */,
			);
			runOnlyForDeploymentPostprocessing = 0;
		};
/* End PBXSourcesBuildPhase section */

/* Begin PBXTargetDependency section */
		E477F0D227FC84A3002DCE23 /* PBXTargetDependency */ = {
			isa = PBXTargetDependency;
			target = E477F0B927FC84A0002DCE23 /* Are We There Yet? */;
			targetProxy = E477F0D127FC84A3002DCE23 /* PBXContainerItemProxy */;
		};
		E477F0DC27FC84A3002DCE23 /* PBXTargetDependency */ = {
			isa = PBXTargetDependency;
			target = E477F0B927FC84A0002DCE23 /* Are We There Yet? */;
			targetProxy = E477F0DB27FC84A3002DCE23 /* PBXContainerItemProxy */;
		};
/* End PBXTargetDependency section */

/* Begin PBXVariantGroup section */
		E477F0C827FC84A3002DCE23 /* LaunchScreen.storyboard */ = {
			isa = PBXVariantGroup;
			children = (
				E477F0C927FC84A3002DCE23 /* Base */,
			);
			name = LaunchScreen.storyboard;
			sourceTree = "<group>";
		};
/* End PBXVariantGroup section */

/* Begin XCBuildConfiguration section */
		E477F0E227FC84A3002DCE23 /* Debug */ = {
			isa = XCBuildConfiguration;
			buildSettings = {
				ALWAYS_SEARCH_USER_PATHS = NO;
				CLANG_ANALYZER_NONNULL = YES;
				CLANG_ANALYZER_NUMBER_OBJECT_CONVERSION = YES_AGGRESSIVE;
				CLANG_CXX_LANGUAGE_STANDARD = "gnu++17";
				CLANG_CXX_LIBRARY = "libc++";
				CLANG_ENABLE_MODULES = YES;
				CLANG_ENABLE_OBJC_ARC = YES;
				CLANG_ENABLE_OBJC_WEAK = YES;
				CLANG_WARN_BLOCK_CAPTURE_AUTORELEASING = YES;
				CLANG_WARN_BOOL_CONVERSION = YES;
				CLANG_WARN_COMMA = YES;
				CLANG_WARN_CONSTANT_CONVERSION = YES;
				CLANG_WARN_DEPRECATED_OBJC_IMPLEMENTATIONS = YES;
				CLANG_WARN_DIRECT_OBJC_ISA_USAGE = YES_ERROR;
				CLANG_WARN_DOCUMENTATION_COMMENTS = YES;
				CLANG_WARN_EMPTY_BODY = YES;
				CLANG_WARN_ENUM_CONVERSION = YES;
				CLANG_WARN_INFINITE_RECURSION = YES;
				CLANG_WARN_INT_CONVERSION = YES;
				CLANG_WARN_NON_LITERAL_NULL_CONVERSION = YES;
				CLANG_WARN_OBJC_IMPLICIT_RETAIN_SELF = YES;
				CLANG_WARN_OBJC_LITERAL_CONVERSION = YES;
				CLANG_WARN_OBJC_ROOT_CLASS = YES_ERROR;
				CLANG_WARN_QUOTED_INCLUDE_IN_FRAMEWORK_HEADER = YES;
				CLANG_WARN_RANGE_LOOP_ANALYSIS = YES;
				CLANG_WARN_STRICT_PROTOTYPES = YES;
				CLANG_WARN_SUSPICIOUS_MOVE = YES;
				CLANG_WARN_UNGUARDED_AVAILABILITY = YES_AGGRESSIVE;
				CLANG_WARN_UNREACHABLE_CODE = YES;
				CLANG_WARN__DUPLICATE_METHOD_MATCH = YES;
				COPY_PHASE_STRIP = NO;
				DEBUG_INFORMATION_FORMAT = dwarf;
				ENABLE_STRICT_OBJC_MSGSEND = YES;
				ENABLE_TESTABILITY = YES;
				GCC_C_LANGUAGE_STANDARD = gnu11;
				GCC_DYNAMIC_NO_PIC = NO;
				GCC_NO_COMMON_BLOCKS = YES;
				GCC_OPTIMIZATION_LEVEL = 0;
				GCC_PREPROCESSOR_DEFINITIONS = (
					"DEBUG=1",
					"$(inherited)",
				);
				GCC_WARN_64_TO_32_BIT_CONVERSION = YES;
				GCC_WARN_ABOUT_RETURN_TYPE = YES_ERROR;
				GCC_WARN_UNDECLARED_SELECTOR = YES;
				GCC_WARN_UNINITIALIZED_AUTOS = YES_AGGRESSIVE;
				GCC_WARN_UNUSED_FUNCTION = YES;
				GCC_WARN_UNUSED_VARIABLE = YES;
				IPHONEOS_DEPLOYMENT_TARGET = 15.2;
				MTL_ENABLE_DEBUG_INFO = INCLUDE_SOURCE;
				MTL_FAST_MATH = YES;
				ONLY_ACTIVE_ARCH = YES;
				SDKROOT = iphoneos;
				SWIFT_ACTIVE_COMPILATION_CONDITIONS = DEBUG;
				SWIFT_OPTIMIZATION_LEVEL = "-Onone";
			};
			name = Debug;
		};
		E477F0E327FC84A3002DCE23 /* Release */ = {
			isa = XCBuildConfiguration;
			buildSettings = {
				ALWAYS_SEARCH_USER_PATHS = NO;
				CLANG_ANALYZER_NONNULL = YES;
				CLANG_ANALYZER_NUMBER_OBJECT_CONVERSION = YES_AGGRESSIVE;
				CLANG_CXX_LANGUAGE_STANDARD = "gnu++17";
				CLANG_CXX_LIBRARY = "libc++";
				CLANG_ENABLE_MODULES = YES;
				CLANG_ENABLE_OBJC_ARC = YES;
				CLANG_ENABLE_OBJC_WEAK = YES;
				CLANG_WARN_BLOCK_CAPTURE_AUTORELEASING = YES;
				CLANG_WARN_BOOL_CONVERSION = YES;
				CLANG_WARN_COMMA = YES;
				CLANG_WARN_CONSTANT_CONVERSION = YES;
				CLANG_WARN_DEPRECATED_OBJC_IMPLEMENTATIONS = YES;
				CLANG_WARN_DIRECT_OBJC_ISA_USAGE = YES_ERROR;
				CLANG_WARN_DOCUMENTATION_COMMENTS = YES;
				CLANG_WARN_EMPTY_BODY = YES;
				CLANG_WARN_ENUM_CONVERSION = YES;
				CLANG_WARN_INFINITE_RECURSION = YES;
				CLANG_WARN_INT_CONVERSION = YES;
				CLANG_WARN_NON_LITERAL_NULL_CONVERSION = YES;
				CLANG_WARN_OBJC_IMPLICIT_RETAIN_SELF = YES;
				CLANG_WARN_OBJC_LITERAL_CONVERSION = YES;
				CLANG_WARN_OBJC_ROOT_CLASS = YES_ERROR;
				CLANG_WARN_QUOTED_INCLUDE_IN_FRAMEWORK_HEADER = YES;
				CLANG_WARN_RANGE_LOOP_ANALYSIS = YES;
				CLANG_WARN_STRICT_PROTOTYPES = YES;
				CLANG_WARN_SUSPICIOUS_MOVE = YES;
				CLANG_WARN_UNGUARDED_AVAILABILITY = YES_AGGRESSIVE;
				CLANG_WARN_UNREACHABLE_CODE = YES;
				CLANG_WARN__DUPLICATE_METHOD_MATCH = YES;
				COPY_PHASE_STRIP = NO;
				DEBUG_INFORMATION_FORMAT = "dwarf-with-dsym";
				ENABLE_NS_ASSERTIONS = NO;
				ENABLE_STRICT_OBJC_MSGSEND = YES;
				GCC_C_LANGUAGE_STANDARD = gnu11;
				GCC_NO_COMMON_BLOCKS = YES;
				GCC_WARN_64_TO_32_BIT_CONVERSION = YES;
				GCC_WARN_ABOUT_RETURN_TYPE = YES_ERROR;
				GCC_WARN_UNDECLARED_SELECTOR = YES;
				GCC_WARN_UNINITIALIZED_AUTOS = YES_AGGRESSIVE;
				GCC_WARN_UNUSED_FUNCTION = YES;
				GCC_WARN_UNUSED_VARIABLE = YES;
				IPHONEOS_DEPLOYMENT_TARGET = 15.2;
				MTL_ENABLE_DEBUG_INFO = NO;
				MTL_FAST_MATH = YES;
				SDKROOT = iphoneos;
				SWIFT_COMPILATION_MODE = wholemodule;
				SWIFT_OPTIMIZATION_LEVEL = "-O";
				VALIDATE_PRODUCT = YES;
			};
			name = Release;
		};
		E477F0E527FC84A3002DCE23 /* Debug */ = {
			isa = XCBuildConfiguration;
			buildSettings = {
				ASSETCATALOG_COMPILER_APPICON_NAME = AppIcon;
				ASSETCATALOG_COMPILER_GLOBAL_ACCENT_COLOR_NAME = AccentColor;
				CODE_SIGN_STYLE = Automatic;
				CURRENT_PROJECT_VERSION = 1;
				DEVELOPMENT_TEAM = Q83M63VYW4;
				GENERATE_INFOPLIST_FILE = YES;
				INFOPLIST_FILE = "Are We There Yet?/Info.plist";
				INFOPLIST_KEY_UIApplicationSupportsIndirectInputEvents = YES;
				INFOPLIST_KEY_UILaunchStoryboardName = LaunchScreen;
				INFOPLIST_KEY_UISupportedInterfaceOrientations_iPad = "UIInterfaceOrientationPortrait UIInterfaceOrientationPortraitUpsideDown UIInterfaceOrientationLandscapeLeft UIInterfaceOrientationLandscapeRight";
				INFOPLIST_KEY_UISupportedInterfaceOrientations_iPhone = "UIInterfaceOrientationPortrait UIInterfaceOrientationLandscapeLeft UIInterfaceOrientationLandscapeRight";
				LD_RUNPATH_SEARCH_PATHS = (
					"$(inherited)",
					"@executable_path/Frameworks",
				);
				MARKETING_VERSION = 1.0;
				PRODUCT_BUNDLE_IDENTIFIER = "com.muhuiyu.Are-We-There-Yet-";
				PRODUCT_NAME = "$(TARGET_NAME)";
				SWIFT_EMIT_LOC_STRINGS = YES;
				SWIFT_VERSION = 5.0;
				TARGETED_DEVICE_FAMILY = "1,2";
			};
			name = Debug;
		};
		E477F0E627FC84A3002DCE23 /* Release */ = {
			isa = XCBuildConfiguration;
			buildSettings = {
				ASSETCATALOG_COMPILER_APPICON_NAME = AppIcon;
				ASSETCATALOG_COMPILER_GLOBAL_ACCENT_COLOR_NAME = AccentColor;
				CODE_SIGN_STYLE = Automatic;
				CURRENT_PROJECT_VERSION = 1;
				DEVELOPMENT_TEAM = Q83M63VYW4;
				GENERATE_INFOPLIST_FILE = YES;
				INFOPLIST_FILE = "Are We There Yet?/Info.plist";
				INFOPLIST_KEY_UIApplicationSupportsIndirectInputEvents = YES;
				INFOPLIST_KEY_UILaunchStoryboardName = LaunchScreen;
				INFOPLIST_KEY_UISupportedInterfaceOrientations_iPad = "UIInterfaceOrientationPortrait UIInterfaceOrientationPortraitUpsideDown UIInterfaceOrientationLandscapeLeft UIInterfaceOrientationLandscapeRight";
				INFOPLIST_KEY_UISupportedInterfaceOrientations_iPhone = "UIInterfaceOrientationPortrait UIInterfaceOrientationLandscapeLeft UIInterfaceOrientationLandscapeRight";
				LD_RUNPATH_SEARCH_PATHS = (
					"$(inherited)",
					"@executable_path/Frameworks",
				);
				MARKETING_VERSION = 1.0;
				PRODUCT_BUNDLE_IDENTIFIER = "com.muhuiyu.Are-We-There-Yet-";
				PRODUCT_NAME = "$(TARGET_NAME)";
				SWIFT_EMIT_LOC_STRINGS = YES;
				SWIFT_VERSION = 5.0;
				TARGETED_DEVICE_FAMILY = "1,2";
			};
			name = Release;
		};
		E477F0E827FC84A3002DCE23 /* Debug */ = {
			isa = XCBuildConfiguration;
			buildSettings = {
				ALWAYS_EMBED_SWIFT_STANDARD_LIBRARIES = YES;
				BUNDLE_LOADER = "$(TEST_HOST)";
				CODE_SIGN_STYLE = Automatic;
				CURRENT_PROJECT_VERSION = 1;
				DEVELOPMENT_TEAM = Q83M63VYW4;
				GENERATE_INFOPLIST_FILE = YES;
				IPHONEOS_DEPLOYMENT_TARGET = 15.2;
				MARKETING_VERSION = 1.0;
				PRODUCT_BUNDLE_IDENTIFIER = "com.muhuiyu.Are-We-There-Yet-Tests";
				PRODUCT_NAME = "$(TARGET_NAME)";
				SWIFT_EMIT_LOC_STRINGS = NO;
				SWIFT_VERSION = 5.0;
				TARGETED_DEVICE_FAMILY = "1,2";
				TEST_HOST = "$(BUILT_PRODUCTS_DIR)/Are We There Yet?.app/Are We There Yet?";
			};
			name = Debug;
		};
		E477F0E927FC84A3002DCE23 /* Release */ = {
			isa = XCBuildConfiguration;
			buildSettings = {
				ALWAYS_EMBED_SWIFT_STANDARD_LIBRARIES = YES;
				BUNDLE_LOADER = "$(TEST_HOST)";
				CODE_SIGN_STYLE = Automatic;
				CURRENT_PROJECT_VERSION = 1;
				DEVELOPMENT_TEAM = Q83M63VYW4;
				GENERATE_INFOPLIST_FILE = YES;
				IPHONEOS_DEPLOYMENT_TARGET = 15.2;
				MARKETING_VERSION = 1.0;
				PRODUCT_BUNDLE_IDENTIFIER = "com.muhuiyu.Are-We-There-Yet-Tests";
				PRODUCT_NAME = "$(TARGET_NAME)";
				SWIFT_EMIT_LOC_STRINGS = NO;
				SWIFT_VERSION = 5.0;
				TARGETED_DEVICE_FAMILY = "1,2";
				TEST_HOST = "$(BUILT_PRODUCTS_DIR)/Are We There Yet?.app/Are We There Yet?";
			};
			name = Release;
		};
		E477F0EB27FC84A3002DCE23 /* Debug */ = {
			isa = XCBuildConfiguration;
			buildSettings = {
				ALWAYS_EMBED_SWIFT_STANDARD_LIBRARIES = YES;
				CODE_SIGN_STYLE = Automatic;
				CURRENT_PROJECT_VERSION = 1;
				DEVELOPMENT_TEAM = Q83M63VYW4;
				GENERATE_INFOPLIST_FILE = YES;
				MARKETING_VERSION = 1.0;
				PRODUCT_BUNDLE_IDENTIFIER = "com.muhuiyu.Are-We-There-Yet-UITests";
				PRODUCT_NAME = "$(TARGET_NAME)";
				SWIFT_EMIT_LOC_STRINGS = NO;
				SWIFT_VERSION = 5.0;
				TARGETED_DEVICE_FAMILY = "1,2";
				TEST_TARGET_NAME = "Are We There Yet?";
			};
			name = Debug;
		};
		E477F0EC27FC84A3002DCE23 /* Release */ = {
			isa = XCBuildConfiguration;
			buildSettings = {
				ALWAYS_EMBED_SWIFT_STANDARD_LIBRARIES = YES;
				CODE_SIGN_STYLE = Automatic;
				CURRENT_PROJECT_VERSION = 1;
				DEVELOPMENT_TEAM = Q83M63VYW4;
				GENERATE_INFOPLIST_FILE = YES;
				MARKETING_VERSION = 1.0;
				PRODUCT_BUNDLE_IDENTIFIER = "com.muhuiyu.Are-We-There-Yet-UITests";
				PRODUCT_NAME = "$(TARGET_NAME)";
				SWIFT_EMIT_LOC_STRINGS = NO;
				SWIFT_VERSION = 5.0;
				TARGETED_DEVICE_FAMILY = "1,2";
				TEST_TARGET_NAME = "Are We There Yet?";
			};
			name = Release;
		};
/* End XCBuildConfiguration section */

/* Begin XCConfigurationList section */
		E477F0B527FC84A0002DCE23 /* Build configuration list for PBXProject "Are We There Yet?" */ = {
			isa = XCConfigurationList;
			buildConfigurations = (
				E477F0E227FC84A3002DCE23 /* Debug */,
				E477F0E327FC84A3002DCE23 /* Release */,
			);
			defaultConfigurationIsVisible = 0;
			defaultConfigurationName = Release;
		};
		E477F0E427FC84A3002DCE23 /* Build configuration list for PBXNativeTarget "Are We There Yet?" */ = {
			isa = XCConfigurationList;
			buildConfigurations = (
				E477F0E527FC84A3002DCE23 /* Debug */,
				E477F0E627FC84A3002DCE23 /* Release */,
			);
			defaultConfigurationIsVisible = 0;
			defaultConfigurationName = Release;
		};
		E477F0E727FC84A3002DCE23 /* Build configuration list for PBXNativeTarget "Are We There Yet?Tests" */ = {
			isa = XCConfigurationList;
			buildConfigurations = (
				E477F0E827FC84A3002DCE23 /* Debug */,
				E477F0E927FC84A3002DCE23 /* Release */,
			);
			defaultConfigurationIsVisible = 0;
			defaultConfigurationName = Release;
		};
		E477F0EA27FC84A3002DCE23 /* Build configuration list for PBXNativeTarget "Are We There Yet?UITests" */ = {
			isa = XCConfigurationList;
			buildConfigurations = (
				E477F0EB27FC84A3002DCE23 /* Debug */,
				E477F0EC27FC84A3002DCE23 /* Release */,
			);
			defaultConfigurationIsVisible = 0;
			defaultConfigurationName = Release;
		};
/* End XCConfigurationList section */

/* Begin XCRemoteSwiftPackageReference section */
		E477F11E27FC85B3002DCE23 /* XCRemoteSwiftPackageReference "SnapKit" */ = {
			isa = XCRemoteSwiftPackageReference;
			repositoryURL = "https://github.com/SnapKit/SnapKit";
			requirement = {
				kind = upToNextMajorVersion;
				minimumVersion = 5.0.0;
			};
		};
		E477F12127FC85CC002DCE23 /* XCRemoteSwiftPackageReference "RxSwift" */ = {
			isa = XCRemoteSwiftPackageReference;
			repositoryURL = "https://github.com/ReactiveX/RxSwift";
			requirement = {
				kind = upToNextMajorVersion;
				minimumVersion = 6.0.0;
			};
		};
		E477F12827FC85F5002DCE23 /* XCRemoteSwiftPackageReference "RxDataSources" */ = {
			isa = XCRemoteSwiftPackageReference;
			repositoryURL = "https://github.com/RxSwiftCommunity/RxDataSources";
			requirement = {
				kind = upToNextMajorVersion;
				minimumVersion = 5.0.0;
			};
		};
		E477F12E27FC8753002DCE23 /* XCRemoteSwiftPackageReference "FloatingPanel" */ = {
			isa = XCRemoteSwiftPackageReference;
			repositoryURL = "https://github.com/scenee/FloatingPanel";
			requirement = {
				kind = upToNextMajorVersion;
				minimumVersion = 2.0.0;
			};
		};
/* End XCRemoteSwiftPackageReference section */

/* Begin XCSwiftPackageProductDependency section */
		E477F11F27FC85B3002DCE23 /* SnapKit */ = {
			isa = XCSwiftPackageProductDependency;
			package = E477F11E27FC85B3002DCE23 /* XCRemoteSwiftPackageReference "SnapKit" */;
			productName = SnapKit;
		};
		E477F12227FC85CC002DCE23 /* RxCocoa */ = {
			isa = XCSwiftPackageProductDependency;
			package = E477F12127FC85CC002DCE23 /* XCRemoteSwiftPackageReference "RxSwift" */;
			productName = RxCocoa;
		};
		E477F12427FC85CC002DCE23 /* RxRelay */ = {
			isa = XCSwiftPackageProductDependency;
			package = E477F12127FC85CC002DCE23 /* XCRemoteSwiftPackageReference "RxSwift" */;
			productName = RxRelay;
		};
		E477F12627FC85CC002DCE23 /* RxSwift */ = {
			isa = XCSwiftPackageProductDependency;
			package = E477F12127FC85CC002DCE23 /* XCRemoteSwiftPackageReference "RxSwift" */;
			productName = RxSwift;
		};
		E477F12927FC85F5002DCE23 /* RxDataSources */ = {
			isa = XCSwiftPackageProductDependency;
			package = E477F12827FC85F5002DCE23 /* XCRemoteSwiftPackageReference "RxDataSources" */;
			productName = RxDataSources;
		};
		E477F12F27FC8753002DCE23 /* FloatingPanel */ = {
			isa = XCSwiftPackageProductDependency;
			package = E477F12E27FC8753002DCE23 /* XCRemoteSwiftPackageReference "FloatingPanel" */;
			productName = FloatingPanel;
		};
/* End XCSwiftPackageProductDependency section */
	};
	rootObject = E477F0B227FC84A0002DCE23 /* Project object */;
}
